
Microsoft Visual Studio Solution File, Format Version 12.00
# Visual Studio 15
VisualStudioVersion = 15.0.27130.2010
MinimumVisualStudioVersion = 10.0.40219.1
Project("{FAE04EC0-301F-11D3-BF4B-00C04F79EFBC}") = "RestaurantReviews", "RestaurantReviews\RestaurantReviews.csproj", "{4B392558-6635-415B-9794-E6EECDC9E76A}"
EndProject
Global
	GlobalSection(SolutionConfigurationPlatforms) = preSolution
		Debug|Any CPU = Debug|Any CPU
		Release|Any CPU = Release|Any CPU
	EndGlobalSection
	GlobalSection(ProjectConfigurationPlatforms) = postSolution
		{4B392558-6635-415B-9794-E6EECDC9E76A}.Debug|Any CPU.ActiveCfg = Debug|Any CPU
		{4B392558-6635-415B-9794-E6EECDC9E76A}.Debug|Any CPU.Build.0 = Debug|Any CPU
		{4B392558-6635-415B-9794-E6EECDC9E76A}.Release|Any CPU.ActiveCfg = Release|Any CPU
		{4B392558-6635-415B-9794-E6EECDC9E76A}.Release|Any CPU.Build.0 = Release|Any CPU
	EndGlobalSection
	GlobalSection(SolutionProperties) = preSolution
		HideSolutionNode = FALSE
	EndGlobalSection
	GlobalSection(ExtensibilityGlobals) = postSolution
		SolutionGuid = {29C74ADD-8508-45D8-BCE8-A8E39FD1641E}
	EndGlobalSection
EndGlobal
